{
  "name": "kbs-demo",
  "version": "1.0.0",
  "lockfileVersion": 2,
  "requires": true,
  "packages": {
    "": {
      "name": "kbs-demo",
      "version": "1.0.0",
      "license": "ISC",
      "dependencies": {
        "kb-smart-component": "^0.0.15",
        "kbs-dsl-loader": "^1.0.3",
        "kbs-dsl-resolver": "^1.0.13"
      },
      "devDependencies": {
        "@types/wechat-miniprogram": "^3.4.4",
        "miniprogram-api-typings": "^3.12.0"
      }
    },
    "node_modules/@babel/runtime": {
      "version": "7.23.2",
      "resolved": "https://registry.npmjs.org/@babel/runtime/-/runtime-7.23.2.tgz",
      "integrity": "sha512-mM8eg4yl5D6i3lu2QKPuPH4FArvJ8KhTofbE7jwMUv9KX5mBvwPAqnV3MlyBNqdp9RyRKP6Yck8TrfYrPvX3bg==",
      "dependencies": {
        "regenerator-runtime": "^0.14.0"
      },
      "engines": {
        "node": ">=6.9.0"
      }
    },
    "node_modules/@types/wechat-miniprogram": {
      "version": "3.4.4",
      "resolved": "https://registry.npmjs.org/@types/wechat-miniprogram/-/wechat-miniprogram-3.4.4.tgz",
      "integrity": "sha512-V45FLnYpJYG6FPw0zrhMg2CCQqlH/QV9Pwdv27yKRI6yCbWVF2r6iugDqA34LkCi4V/p2gDcS8YjKxxUUYqA7Q==",
      "dev": true
    },
    "node_modules/js-tokens": {
      "version": "4.0.0",
      "resolved": "https://registry.npmjs.org/js-tokens/-/js-tokens-4.0.0.tgz",
      "integrity": "sha512-RdJUflcE3cUzKiMqQgsCu06FPu9UdIJO0beYbPhHN4k6apgJtifcoCtT9bcxOpYBtpD2kCM6Sbzg4CausW/PKQ=="
    },
    "node_modules/kb-smart-component": {
      "version": "0.0.15",
      "resolved": "https://registry.npmjs.org/kb-smart-component/-/kb-smart-component-0.0.15.tgz",
      "integrity": "sha512-4bwfXxmqmywrWyCnFsHTspSj48fMmJJ4Xjle+Xox+BJ6QMO8h5BZ7Gl/byJhi2sxGY8IgfuGfQR5cU79z1/rpg==",
      "dependencies": {
        "@babel/runtime": "^7.23.1",
        "lodash-es": "^4.17.21",
        "miniprogram-element": "^2.2.15",
        "miniprogram-render": "^2.2.25",
        "react": "^18.2.0",
        "react-dom": "^18.2.0"
      }
    },
    "node_modules/kbs-dsl-loader": {
      "version": "1.0.3",
      "resolved": "https://registry.npmjs.org/kbs-dsl-loader/-/kbs-dsl-loader-1.0.3.tgz",
      "integrity": "sha512-gNxI4dtbxFbix333AofMGIWeHxj7y4Phy/XfryXMC3UFsWxi40AJ+l1kD3XOJgc7F5etRm8k7SDHUTQYZSivtg=="
    },
    "node_modules/kbs-dsl-resolver": {
      "version": "1.0.13",
      "resolved": "https://registry.npmjs.org/kbs-dsl-resolver/-/kbs-dsl-resolver-1.0.13.tgz",
      "integrity": "sha512-wRcHWwlCgprpstLz1/2FhvhHzh7zd1/RKWkhNdOaNs6SA+Wxgm2tfPPH1XhMtLWddQRO5Xg5wa1VrlUPZ/eccA==",
      "dependencies": {
        "@babel/runtime": "^7.23.1",
        "lodash-es": "^4.17.21"
      }
    },
    "node_modules/lodash-es": {
      "version": "4.17.21",
      "resolved": "https://registry.npmjs.org/lodash-es/-/lodash-es-4.17.21.tgz",
      "integrity": "sha512-mKnC+QJ9pWVzv+C4/U3rRsHapFfHvQFoFB92e52xeyGMcX6/OlIl78je1u8vePzYZSkkogMPJ2yjxxsb89cxyw=="
    },
    "node_modules/loose-envify": {
      "version": "1.4.0",
      "resolved": "https://registry.npmjs.org/loose-envify/-/loose-envify-1.4.0.tgz",
      "integrity": "sha512-lyuxPGr/Wfhrlem2CL/UcnUc1zcqKAImBDzukY7Y5F/yQiNdko6+fRLevlw1HgMySw7f611UIY408EtxRSoK3Q==",
      "dependencies": {
        "js-tokens": "^3.0.0 || ^4.0.0"
      },
      "bin": {
        "loose-envify": "cli.js"
      }
    },
    "node_modules/miniprogram-api-typings": {
      "version": "3.12.0",
      "resolved": "https://registry.npmjs.org/miniprogram-api-typings/-/miniprogram-api-typings-3.12.0.tgz",
      "integrity": "sha512-tE0zjq+3bFEgUROzCjXTdtLY+FmqiTX4kZWXc8bCC7M9wSHCriBz+ga1E2i1PcI+DQJoz2cyK8Cv2exJv6XEzA==",
      "dev": true
    },
    "node_modules/miniprogram-element": {
      "version": "2.2.15",
      "resolved": "https://registry.npmjs.org/miniprogram-element/-/miniprogram-element-2.2.15.tgz",
      "integrity": "sha512-8xdX/Z1++3fVpaHAbGHxkYze4ETGcC+PHsORFGnzsRk1ezJwa4Fuxl4HYxPKIWn0v+zXZ+1enmlD9hgudWMWxg==",
      "peerDependencies": {
        "miniprogram-render": "*"
      }
    },
    "node_modules/miniprogram-render": {
      "version": "2.2.25",
      "resolved": "https://registry.npmjs.org/miniprogram-render/-/miniprogram-render-2.2.25.tgz",
      "integrity": "sha512-/5AkBO0FwgJg/a/831J2h7VLdGqpNuELhscgvyJrAYgge8IBunEfDI90fgpMwlb6tiPhb1gnwbMD0BeUTaL0Qw=="
    },
    "node_modules/react": {
      "version": "18.2.0",
      "resolved": "https://registry.npmjs.org/react/-/react-18.2.0.tgz",
      "integrity": "sha512-/3IjMdb2L9QbBdWiW5e3P2/npwMBaU9mHCSCUzNln0ZCYbcfTsGbTJrU/kGemdH2IWmB2ioZ+zkxtmq6g09fGQ==",
      "dependencies": {
        "loose-envify": "^1.1.0"
      },
      "engines": {
        "node": ">=0.10.0"
      }
    },
    "node_modules/react-dom": {
      "version": "18.2.0",
      "resolved": "https://registry.npmjs.org/react-dom/-/react-dom-18.2.0.tgz",
      "integrity": "sha512-6IMTriUmvsjHUjNtEDudZfuDQUoWXVxKHhlEGSk81n4YFS+r/Kl99wXiwlVXtPBtJenozv2P+hxDsw9eA7Xo6g==",
      "dependencies": {
        "loose-envify": "^1.1.0",
        "scheduler": "^0.23.0"
      },
      "peerDependencies": {
        "react": "^18.2.0"
      }
    },
    "node_modules/regenerator-runtime": {
      "version": "0.14.0",
      "resolved": "https://registry.npmjs.org/regenerator-runtime/-/regenerator-runtime-0.14.0.tgz",
      "integrity": "sha512-srw17NI0TUWHuGa5CFGGmhfNIeja30WMBfbslPNhf6JrqQlLN5gcrvig1oqPxiVaXb0oW0XRKtH6Nngs5lKCIA=="
    },
    "node_modules/scheduler": {
      "version": "0.23.0",
      "resolved": "https://registry.npmjs.org/scheduler/-/scheduler-0.23.0.tgz",
      "integrity": "sha512-CtuThmgHNg7zIZWAXi3AsyIzA3n4xx7aNyjwC2VJldO2LMVDhFK+63xGqq6CsJH4rTAt6/M+N4GhZiDYPx9eUw==",
      "dependencies": {
        "loose-envify": "^1.1.0"
      }
    }
  },
  "dependencies": {
    "@babel/runtime": {
      "version": "7.23.2",
      "resolved": "https://registry.npmjs.org/@babel/runtime/-/runtime-7.23.2.tgz",
      "integrity": "sha512-mM8eg4yl5D6i3lu2QKPuPH4FArvJ8KhTofbE7jwMUv9KX5mBvwPAqnV3MlyBNqdp9RyRKP6Yck8TrfYrPvX3bg==",
      "requires": {
        "regenerator-runtime": "^0.14.0"
      }
    },
    "@types/wechat-miniprogram": {
      "version": "3.4.4",
      "resolved": "https://registry.npmjs.org/@types/wechat-miniprogram/-/wechat-miniprogram-3.4.4.tgz",
      "integrity": "sha512-V45FLnYpJYG6FPw0zrhMg2CCQqlH/QV9Pwdv27yKRI6yCbWVF2r6iugDqA34LkCi4V/p2gDcS8YjKxxUUYqA7Q==",
      "dev": true
    },
    "js-tokens": {
      "version": "4.0.0",
      "resolved": "https://registry.npmjs.org/js-tokens/-/js-tokens-4.0.0.tgz",
      "integrity": "sha512-RdJUflcE3cUzKiMqQgsCu06FPu9UdIJO0beYbPhHN4k6apgJtifcoCtT9bcxOpYBtpD2kCM6Sbzg4CausW/PKQ=="
    },
    "kb-smart-component": {
      "version": "0.0.15",
      "resolved": "https://registry.npmjs.org/kb-smart-component/-/kb-smart-component-0.0.15.tgz",
      "integrity": "sha512-4bwfXxmqmywrWyCnFsHTspSj48fMmJJ4Xjle+Xox+BJ6QMO8h5BZ7Gl/byJhi2sxGY8IgfuGfQR5cU79z1/rpg==",
      "requires": {
        "@babel/runtime": "^7.23.1",
        "lodash-es": "^4.17.21",
        "miniprogram-element": "^2.2.15",
        "miniprogram-render": "^2.2.25",
        "react": "^18.2.0",
        "react-dom": "^18.2.0"
      }
    },
    "kbs-dsl-loader": {
      "version": "1.0.3",
      "resolved": "https://registry.npmjs.org/kbs-dsl-loader/-/kbs-dsl-loader-1.0.3.tgz",
      "integrity": "sha512-gNxI4dtbxFbix333AofMGIWeHxj7y4Phy/XfryXMC3UFsWxi40AJ+l1kD3XOJgc7F5etRm8k7SDHUTQYZSivtg=="
    },
    "kbs-dsl-resolver": {
      "version": "1.0.13",
      "resolved": "https://registry.npmjs.org/kbs-dsl-resolver/-/kbs-dsl-resolver-1.0.13.tgz",
      "integrity": "sha512-wRcHWwlCgprpstLz1/2FhvhHzh7zd1/RKWkhNdOaNs6SA+Wxgm2tfPPH1XhMtLWddQRO5Xg5wa1VrlUPZ/eccA==",
      "requires": {
        "@babel/runtime": "^7.23.1",
        "lodash-es": "^4.17.21"
      }
    },
    "lodash-es": {
      "version": "4.17.21",
      "resolved": "https://registry.npmjs.org/lodash-es/-/lodash-es-4.17.21.tgz",
      "integrity": "sha512-mKnC+QJ9pWVzv+C4/U3rRsHapFfHvQFoFB92e52xeyGMcX6/OlIl78je1u8vePzYZSkkogMPJ2yjxxsb89cxyw=="
    },
    "loose-envify": {
      "version": "1.4.0",
      "resolved": "https://registry.npmjs.org/loose-envify/-/loose-envify-1.4.0.tgz",
      "integrity": "sha512-lyuxPGr/Wfhrlem2CL/UcnUc1zcqKAImBDzukY7Y5F/yQiNdko6+fRLevlw1HgMySw7f611UIY408EtxRSoK3Q==",
      "requires": {
        "js-tokens": "^3.0.0 || ^4.0.0"
      }
    },
    "miniprogram-api-typings": {
      "version": "3.12.0",
      "resolved": "https://registry.npmjs.org/miniprogram-api-typings/-/miniprogram-api-typings-3.12.0.tgz",
      "integrity": "sha512-tE0zjq+3bFEgUROzCjXTdtLY+FmqiTX4kZWXc8bCC7M9wSHCriBz+ga1E2i1PcI+DQJoz2cyK8Cv2exJv6XEzA==",
      "dev": true
    },
    "miniprogram-element": {
      "version": "2.2.15",
      "resolved": "https://registry.npmjs.org/miniprogram-element/-/miniprogram-element-2.2.15.tgz",
      "integrity": "sha512-8xdX/Z1++3fVpaHAbGHxkYze4ETGcC+PHsORFGnzsRk1ezJwa4Fuxl4HYxPKIWn0v+zXZ+1enmlD9hgudWMWxg==",
      "requires": {}
    },
    "miniprogram-render": {
      "version": "2.2.25",
      "resolved": "https://registry.npmjs.org/miniprogram-render/-/miniprogram-render-2.2.25.tgz",
      "integrity": "sha512-/5AkBO0FwgJg/a/831J2h7VLdGqpNuELhscgvyJrAYgge8IBunEfDI90fgpMwlb6tiPhb1gnwbMD0BeUTaL0Qw=="
    },
    "react": {
      "version": "18.2.0",
      "resolved": "https://registry.npmjs.org/react/-/react-18.2.0.tgz",
      "integrity": "sha512-/3IjMdb2L9QbBdWiW5e3P2/npwMBaU9mHCSCUzNln0ZCYbcfTsGbTJrU/kGemdH2IWmB2ioZ+zkxtmq6g09fGQ==",
      "requires": {
        "loose-envify": "^1.1.0"
      }
    },
    "react-dom": {
      "version": "18.2.0",
      "resolved": "https://registry.npmjs.org/react-dom/-/react-dom-18.2.0.tgz",
      "integrity": "sha512-6IMTriUmvsjHUjNtEDudZfuDQUoWXVxKHhlEGSk81n4YFS+r/Kl99wXiwlVXtPBtJenozv2P+hxDsw9eA7Xo6g==",
      "requires": {
        "loose-envify": "^1.1.0",
        "scheduler": "^0.23.0"
      }
    },
    "regenerator-runtime": {
      "version": "0.14.0",
      "resolved": "https://registry.npmjs.org/regenerator-runtime/-/regenerator-runtime-0.14.0.tgz",
      "integrity": "sha512-srw17NI0TUWHuGa5CFGGmhfNIeja30WMBfbslPNhf6JrqQlLN5gcrvig1oqPxiVaXb0oW0XRKtH6Nngs5lKCIA=="
    },
    "scheduler": {
      "version": "0.23.0",
      "resolved": "https://registry.npmjs.org/scheduler/-/scheduler-0.23.0.tgz",
      "integrity": "sha512-CtuThmgHNg7zIZWAXi3AsyIzA3n4xx7aNyjwC2VJldO2LMVDhFK+63xGqq6CsJH4rTAt6/M+N4GhZiDYPx9eUw==",
      "requires": {
        "loose-envify": "^1.1.0"
      }
    }
  }
}
