{
  "name": "kbs-demo",
  "version": "1.0.0",
  "lockfileVersion": 2,
  "requires": true,
  "packages": {
    "": {
      "name": "kbs-demo",
      "version": "1.0.0",
      "license": "ISC",
      "dependencies": {
        "kbs-dsl-loader": "^1.0.19",
        "kbs-dsl-resolver": "^2.0.7",
        "kbs-sdk": "^1.1.5"
      },
      "devDependencies": {
        "@types/wechat-miniprogram": "^3.4.4",
        "miniprogram-api-typings": "^3.12.0"
      }
    },
    "node_modules/@babel/runtime": {
      "version": "7.25.6",
      "resolved": "https://registry.npmjs.org/@babel/runtime/-/runtime-7.25.6.tgz",
      "integrity": "sha512-VBj9MYyDb9tuLq7yzqjgzt6Q+IBQLrGZfdjOekyEirZPHxXWoTSGUTMrpsfi58Up73d13NfYLv8HT9vmznjzhQ==",
      "dependencies": {
        "regenerator-runtime": "^0.14.0"
      },
      "engines": {
        "node": ">=6.9.0"
      }
    },
    "node_modules/@types/wechat-miniprogram": {
      "version": "3.4.7",
      "resolved": "https://registry.npmjs.org/@types/wechat-miniprogram/-/wechat-miniprogram-3.4.7.tgz",
      "integrity": "sha512-X6SVOOaTPQN24lYBSV5jLuWyIedx8DGJnT0VUBnoNzJruhxotCL28ecGb7AO5JfXOXtHqSS5+CnJ70NxFxmisA==",
      "dev": true
    },
    "node_modules/kbs-dsl-loader": {
      "version": "1.0.19",
      "resolved": "https://registry.npmjs.org/kbs-dsl-loader/-/kbs-dsl-loader-1.0.19.tgz",
      "integrity": "sha512-dk2neodVkrJlV3BVNVLfNZHZ6NH/NFLWiWAoiL3uz0rEYAMZ4V01sHUlXyVFG/cnHjHIT2XfyjH4LG0FrOHvXA=="
    },
    "node_modules/kbs-dsl-resolver": {
      "version": "2.0.7",
      "resolved": "https://registry.npmjs.org/kbs-dsl-resolver/-/kbs-dsl-resolver-2.0.7.tgz",
      "integrity": "sha512-j1XDL/MjyOBxfGJnIYde3CO9MvLXmklPTNlOfYEzqrPdoGsbnn9nrBrztqZaonCzmjpaXUbeJI4qfpsqD9Q3RA==",
      "dependencies": {
        "@babel/runtime": "^7.23.1",
        "lodash-es": "^4.17.21"
      }
    },
    "node_modules/kbs-sdk": {
      "version": "1.1.5",
      "resolved": "https://registry.npmjs.org/kbs-sdk/-/kbs-sdk-1.1.5.tgz",
      "integrity": "sha512-V9noL3vx+DO+RaeOLPhP6NawNuDX1S6SBg2v9RYfV4IfsV9uyTR5ZlfxI4je7/tNOBB+Dau1d3GV33/EbXtnig==",
      "dependencies": {
        "kbs-dsl-loader": "^1.0.12"
      }
    },
    "node_modules/lodash-es": {
      "version": "4.17.21",
      "resolved": "https://registry.npmjs.org/lodash-es/-/lodash-es-4.17.21.tgz",
      "integrity": "sha512-mKnC+QJ9pWVzv+C4/U3rRsHapFfHvQFoFB92e52xeyGMcX6/OlIl78je1u8vePzYZSkkogMPJ2yjxxsb89cxyw=="
    },
    "node_modules/miniprogram-api-typings": {
      "version": "3.12.2",
      "resolved": "https://registry.npmjs.org/miniprogram-api-typings/-/miniprogram-api-typings-3.12.2.tgz",
      "integrity": "sha512-OJB2uVAfhycX4teG/zEVpoThushQqLOx946XACDpVc6OQydiJWjn7djVzvNCbv0VOA7sbHGPQp/RkXD9vMCDEw==",
      "dev": true
    },
    "node_modules/regenerator-runtime": {
      "version": "0.14.1",
      "resolved": "https://registry.npmjs.org/regenerator-runtime/-/regenerator-runtime-0.14.1.tgz",
      "integrity": "sha512-dYnhHh0nJoMfnkZs6GmmhFknAGRrLznOu5nc9ML+EJxGvrx6H7teuevqVqCuPcPK//3eDrrjQhehXVx9cnkGdw=="
    }
  },
  "dependencies": {
    "@babel/runtime": {
      "version": "7.25.6",
      "resolved": "https://registry.npmjs.org/@babel/runtime/-/runtime-7.25.6.tgz",
      "integrity": "sha512-VBj9MYyDb9tuLq7yzqjgzt6Q+IBQLrGZfdjOekyEirZPHxXWoTSGUTMrpsfi58Up73d13NfYLv8HT9vmznjzhQ==",
      "requires": {
        "regenerator-runtime": "^0.14.0"
      }
    },
    "@types/wechat-miniprogram": {
      "version": "3.4.7",
      "resolved": "https://registry.npmjs.org/@types/wechat-miniprogram/-/wechat-miniprogram-3.4.7.tgz",
      "integrity": "sha512-X6SVOOaTPQN24lYBSV5jLuWyIedx8DGJnT0VUBnoNzJruhxotCL28ecGb7AO5JfXOXtHqSS5+CnJ70NxFxmisA==",
      "dev": true
    },
    "kbs-dsl-loader": {
      "version": "1.0.19",
      "resolved": "https://registry.npmjs.org/kbs-dsl-loader/-/kbs-dsl-loader-1.0.19.tgz",
      "integrity": "sha512-dk2neodVkrJlV3BVNVLfNZHZ6NH/NFLWiWAoiL3uz0rEYAMZ4V01sHUlXyVFG/cnHjHIT2XfyjH4LG0FrOHvXA=="
    },
    "kbs-dsl-resolver": {
      "version": "2.0.7",
      "resolved": "https://registry.npmjs.org/kbs-dsl-resolver/-/kbs-dsl-resolver-2.0.7.tgz",
      "integrity": "sha512-j1XDL/MjyOBxfGJnIYde3CO9MvLXmklPTNlOfYEzqrPdoGsbnn9nrBrztqZaonCzmjpaXUbeJI4qfpsqD9Q3RA==",
      "requires": {
        "@babel/runtime": "^7.23.1",
        "lodash-es": "^4.17.21"
      }
    },
    "kbs-sdk": {
      "version": "1.1.5",
      "resolved": "https://registry.npmjs.org/kbs-sdk/-/kbs-sdk-1.1.5.tgz",
      "integrity": "sha512-V9noL3vx+DO+RaeOLPhP6NawNuDX1S6SBg2v9RYfV4IfsV9uyTR5ZlfxI4je7/tNOBB+Dau1d3GV33/EbXtnig==",
      "requires": {
        "kbs-dsl-loader": "^1.0.12"
      }
    },
    "lodash-es": {
      "version": "4.17.21",
      "resolved": "https://registry.npmjs.org/lodash-es/-/lodash-es-4.17.21.tgz",
      "integrity": "sha512-mKnC+QJ9pWVzv+C4/U3rRsHapFfHvQFoFB92e52xeyGMcX6/OlIl78je1u8vePzYZSkkogMPJ2yjxxsb89cxyw=="
    },
    "miniprogram-api-typings": {
      "version": "3.12.2",
      "resolved": "https://registry.npmjs.org/miniprogram-api-typings/-/miniprogram-api-typings-3.12.2.tgz",
      "integrity": "sha512-OJB2uVAfhycX4teG/zEVpoThushQqLOx946XACDpVc6OQydiJWjn7djVzvNCbv0VOA7sbHGPQp/RkXD9vMCDEw==",
      "dev": true
    },
    "regenerator-runtime": {
      "version": "0.14.1",
      "resolved": "https://registry.npmjs.org/regenerator-runtime/-/regenerator-runtime-0.14.1.tgz",
      "integrity": "sha512-dYnhHh0nJoMfnkZs6GmmhFknAGRrLznOu5nc9ML+EJxGvrx6H7teuevqVqCuPcPK//3eDrrjQhehXVx9cnkGdw=="
    }
  }
}
