{
  "name": "web-package",
  "version": "1.0.0",
  "lockfileVersion": 2,
  "requires": true,
  "packages": {
    "": {
      "name": "web-package",
      "version": "1.0.0",
      "license": "ISC",
      "dependencies": {
        "kb-smart-component": "^0.1.9",
        "kbs-dsl-loader": "^1.0.19",
        "kbs-dsl-resolver": "^2.0.5",
        "kbs-sdk": "^1.1.2"
      },
      "devDependencies": {
        "@types/wechat-miniprogram": "^3.4.4",
        "miniprogram-api-typings": "^3.12.0"
      }
    },
    "node_modules/@babel/runtime": {
      "version": "7.25.6",
      "resolved": "https://mirrors.tencent.com/npm/@babel/runtime/-/runtime-7.25.6.tgz",
      "integrity": "sha512-VBj9MYyDb9tuLq7yzqjgzt6Q+IBQLrGZfdjOekyEirZPHxXWoTSGUTMrpsfi58Up73d13NfYLv8HT9vmznjzhQ==",
      "dependencies": {
        "regenerator-runtime": "^0.14.0"
      },
      "engines": {
        "node": ">=6.9.0"
      }
    },
    "node_modules/@types/wechat-miniprogram": {
      "version": "3.4.7",
      "resolved": "https://mirrors.tencent.com/npm/@types/wechat-miniprogram/-/wechat-miniprogram-3.4.7.tgz",
      "integrity": "sha512-X6SVOOaTPQN24lYBSV5jLuWyIedx8DGJnT0VUBnoNzJruhxotCL28ecGb7AO5JfXOXtHqSS5+CnJ70NxFxmisA==",
      "dev": true
    },
    "node_modules/js-tokens": {
      "version": "4.0.0",
      "resolved": "https://registry.npmjs.org/js-tokens/-/js-tokens-4.0.0.tgz",
      "integrity": "sha512-RdJUflcE3cUzKiMqQgsCu06FPu9UdIJO0beYbPhHN4k6apgJtifcoCtT9bcxOpYBtpD2kCM6Sbzg4CausW/PKQ=="
    },
    "node_modules/kb-smart-component": {
      "version": "0.1.9",
      "resolved": "https://registry.npmjs.org/kb-smart-component/-/kb-smart-component-0.1.9.tgz",
      "integrity": "sha512-MIg+Oozm0SUWGB4bjhT7L2yGDlJAny1GHOz/UMb3QVmXCxL5lSBXmz6U0Etq8WiCBVTTW1NAZ8LNNQlZ6I2g9A==",
      "dependencies": {
        "@babel/runtime": "^7.23.1",
        "lodash-es": "^4.17.21",
        "miniprogram-element": "^2.2.15",
        "miniprogram-render": "^2.2.25",
        "react": "^18.2.0",
        "react-dom": "^18.2.0"
      }
    },
    "node_modules/kbs-dsl-loader": {
      "version": "1.0.19",
      "resolved": "https://registry.npmjs.org/kbs-dsl-loader/-/kbs-dsl-loader-1.0.19.tgz",
      "integrity": "sha512-dk2neodVkrJlV3BVNVLfNZHZ6NH/NFLWiWAoiL3uz0rEYAMZ4V01sHUlXyVFG/cnHjHIT2XfyjH4LG0FrOHvXA=="
    },
    "node_modules/kbs-dsl-resolver": {
      "version": "2.0.5",
      "resolved": "https://registry.npmjs.org/kbs-dsl-resolver/-/kbs-dsl-resolver-2.0.5.tgz",
      "integrity": "sha512-5xXnoJDGBAH+M+d39fHjG/5isIb1FZGYTw1sJOp9Iiqz+n5u7m54ZZN0La7n3SiYmWoD7WHcvo5lhp9jhCffzA==",
      "dependencies": {
        "@babel/runtime": "^7.23.1",
        "lodash-es": "^4.17.21"
      }
    },
    "node_modules/kbs-sdk": {
      "version": "1.1.2",
      "resolved": "https://registry.npmjs.org/kbs-sdk/-/kbs-sdk-1.1.2.tgz",
      "integrity": "sha512-v50PJygm1u/+5tOEQy4Jnkf3+/ZGJOiHVaQISQCSXd+nBeZ27Sjywbu4tuFepaxdlgwSFdoSQ6jAjuEi8gTACA==",
      "dependencies": {
        "kbs-dsl-loader": "^1.0.12"
      }
    },
    "node_modules/lodash-es": {
      "version": "4.17.21",
      "resolved": "https://mirrors.tencent.com/npm/lodash-es/-/lodash-es-4.17.21.tgz",
      "integrity": "sha512-mKnC+QJ9pWVzv+C4/U3rRsHapFfHvQFoFB92e52xeyGMcX6/OlIl78je1u8vePzYZSkkogMPJ2yjxxsb89cxyw=="
    },
    "node_modules/loose-envify": {
      "version": "1.4.0",
      "resolved": "https://registry.npmjs.org/loose-envify/-/loose-envify-1.4.0.tgz",
      "integrity": "sha512-lyuxPGr/Wfhrlem2CL/UcnUc1zcqKAImBDzukY7Y5F/yQiNdko6+fRLevlw1HgMySw7f611UIY408EtxRSoK3Q==",
      "dependencies": {
        "js-tokens": "^3.0.0 || ^4.0.0"
      },
      "bin": {
        "loose-envify": "cli.js"
      }
    },
    "node_modules/miniprogram-api-typings": {
      "version": "3.12.3",
      "resolved": "https://mirrors.tencent.com/npm/miniprogram-api-typings/-/miniprogram-api-typings-3.12.3.tgz",
      "integrity": "sha512-o7bOfrU28MEMCBWo83nXv0ROQSBFxJcfCl4f2wTYqah64ipC5RGqLJfvWJTWhlQt2ECVwspSzM8LgvnfMo7TEQ==",
      "dev": true
    },
    "node_modules/miniprogram-element": {
      "version": "2.2.19",
      "resolved": "https://registry.npmjs.org/miniprogram-element/-/miniprogram-element-2.2.19.tgz",
      "integrity": "sha512-Ek6U7HtixU3770tgvz32aR3L8kv77yQ+tdNlTa8eulUf401nr5os6khJRGbJMCzk+3kCwNaWkzF2E9BLT8GPxw==",
      "peerDependencies": {
        "miniprogram-render": "*"
      }
    },
    "node_modules/miniprogram-render": {
      "version": "2.2.26",
      "resolved": "https://registry.npmjs.org/miniprogram-render/-/miniprogram-render-2.2.26.tgz",
      "integrity": "sha512-c4xXzjXWI2Bae2ttaZde5NYByVh5TaQhw5ETFXzPkjCeqc6SGVK+fbNMsO6rtKsesjtx8zmhaqCtK4mkgUfTKg=="
    },
    "node_modules/react": {
      "version": "18.3.1",
      "resolved": "https://registry.npmjs.org/react/-/react-18.3.1.tgz",
      "integrity": "sha512-wS+hAgJShR0KhEvPJArfuPVN1+Hz1t0Y6n5jLrGQbkb4urgPE/0Rve+1kMB1v/oWgHgm4WIcV+i7F2pTVj+2iQ==",
      "dependencies": {
        "loose-envify": "^1.1.0"
      },
      "engines": {
        "node": ">=0.10.0"
      }
    },
    "node_modules/react-dom": {
      "version": "18.3.1",
      "resolved": "https://registry.npmjs.org/react-dom/-/react-dom-18.3.1.tgz",
      "integrity": "sha512-5m4nQKp+rZRb09LNH59GM4BxTh9251/ylbKIbpe7TpGxfJ+9kv6BLkLBXIjjspbgbnIBNqlI23tRnTWT0snUIw==",
      "dependencies": {
        "loose-envify": "^1.1.0",
        "scheduler": "^0.23.2"
      },
      "peerDependencies": {
        "react": "^18.3.1"
      }
    },
    "node_modules/regenerator-runtime": {
      "version": "0.14.1",
      "resolved": "https://mirrors.tencent.com/npm/regenerator-runtime/-/regenerator-runtime-0.14.1.tgz",
      "integrity": "sha512-dYnhHh0nJoMfnkZs6GmmhFknAGRrLznOu5nc9ML+EJxGvrx6H7teuevqVqCuPcPK//3eDrrjQhehXVx9cnkGdw=="
    },
    "node_modules/scheduler": {
      "version": "0.23.2",
      "resolved": "https://registry.npmjs.org/scheduler/-/scheduler-0.23.2.tgz",
      "integrity": "sha512-UOShsPwz7NrMUqhR6t0hWjFduvOzbtv7toDH1/hIrfRNIDBnnBWd0CwJTGvTpngVlmwGCdP9/Zl/tVrDqcuYzQ==",
      "dependencies": {
        "loose-envify": "^1.1.0"
      }
    }
  },
  "dependencies": {
    "@babel/runtime": {
      "version": "7.25.6",
      "resolved": "https://mirrors.tencent.com/npm/@babel/runtime/-/runtime-7.25.6.tgz",
      "integrity": "sha512-VBj9MYyDb9tuLq7yzqjgzt6Q+IBQLrGZfdjOekyEirZPHxXWoTSGUTMrpsfi58Up73d13NfYLv8HT9vmznjzhQ==",
      "requires": {
        "regenerator-runtime": "^0.14.0"
      }
    },
    "@types/wechat-miniprogram": {
      "version": "3.4.7",
      "resolved": "https://mirrors.tencent.com/npm/@types/wechat-miniprogram/-/wechat-miniprogram-3.4.7.tgz",
      "integrity": "sha512-X6SVOOaTPQN24lYBSV5jLuWyIedx8DGJnT0VUBnoNzJruhxotCL28ecGb7AO5JfXOXtHqSS5+CnJ70NxFxmisA==",
      "dev": true
    },
    "js-tokens": {
      "version": "4.0.0",
      "resolved": "https://registry.npmjs.org/js-tokens/-/js-tokens-4.0.0.tgz",
      "integrity": "sha512-RdJUflcE3cUzKiMqQgsCu06FPu9UdIJO0beYbPhHN4k6apgJtifcoCtT9bcxOpYBtpD2kCM6Sbzg4CausW/PKQ=="
    },
    "kb-smart-component": {
      "version": "0.1.9",
      "resolved": "https://registry.npmjs.org/kb-smart-component/-/kb-smart-component-0.1.9.tgz",
      "integrity": "sha512-MIg+Oozm0SUWGB4bjhT7L2yGDlJAny1GHOz/UMb3QVmXCxL5lSBXmz6U0Etq8WiCBVTTW1NAZ8LNNQlZ6I2g9A==",
      "requires": {
        "@babel/runtime": "^7.23.1",
        "lodash-es": "^4.17.21",
        "miniprogram-element": "^2.2.15",
        "miniprogram-render": "^2.2.25",
        "react": "^18.2.0",
        "react-dom": "^18.2.0"
      }
    },
    "kbs-dsl-loader": {
      "version": "1.0.19",
      "resolved": "https://registry.npmjs.org/kbs-dsl-loader/-/kbs-dsl-loader-1.0.19.tgz",
      "integrity": "sha512-dk2neodVkrJlV3BVNVLfNZHZ6NH/NFLWiWAoiL3uz0rEYAMZ4V01sHUlXyVFG/cnHjHIT2XfyjH4LG0FrOHvXA=="
    },
    "kbs-dsl-resolver": {
      "version": "2.0.5",
      "resolved": "https://registry.npmjs.org/kbs-dsl-resolver/-/kbs-dsl-resolver-2.0.5.tgz",
      "integrity": "sha512-5xXnoJDGBAH+M+d39fHjG/5isIb1FZGYTw1sJOp9Iiqz+n5u7m54ZZN0La7n3SiYmWoD7WHcvo5lhp9jhCffzA==",
      "requires": {
        "@babel/runtime": "^7.23.1",
        "lodash-es": "^4.17.21"
      }
    },
    "kbs-sdk": {
      "version": "1.1.2",
      "resolved": "https://registry.npmjs.org/kbs-sdk/-/kbs-sdk-1.1.2.tgz",
      "integrity": "sha512-v50PJygm1u/+5tOEQy4Jnkf3+/ZGJOiHVaQISQCSXd+nBeZ27Sjywbu4tuFepaxdlgwSFdoSQ6jAjuEi8gTACA==",
      "requires": {
        "kbs-dsl-loader": "^1.0.12"
      }
    },
    "lodash-es": {
      "version": "4.17.21",
      "resolved": "https://mirrors.tencent.com/npm/lodash-es/-/lodash-es-4.17.21.tgz",
      "integrity": "sha512-mKnC+QJ9pWVzv+C4/U3rRsHapFfHvQFoFB92e52xeyGMcX6/OlIl78je1u8vePzYZSkkogMPJ2yjxxsb89cxyw=="
    },
    "loose-envify": {
      "version": "1.4.0",
      "resolved": "https://registry.npmjs.org/loose-envify/-/loose-envify-1.4.0.tgz",
      "integrity": "sha512-lyuxPGr/Wfhrlem2CL/UcnUc1zcqKAImBDzukY7Y5F/yQiNdko6+fRLevlw1HgMySw7f611UIY408EtxRSoK3Q==",
      "requires": {
        "js-tokens": "^3.0.0 || ^4.0.0"
      }
    },
    "miniprogram-api-typings": {
      "version": "3.12.3",
      "resolved": "https://mirrors.tencent.com/npm/miniprogram-api-typings/-/miniprogram-api-typings-3.12.3.tgz",
      "integrity": "sha512-o7bOfrU28MEMCBWo83nXv0ROQSBFxJcfCl4f2wTYqah64ipC5RGqLJfvWJTWhlQt2ECVwspSzM8LgvnfMo7TEQ==",
      "dev": true
    },
    "miniprogram-element": {
      "version": "2.2.19",
      "resolved": "https://registry.npmjs.org/miniprogram-element/-/miniprogram-element-2.2.19.tgz",
      "integrity": "sha512-Ek6U7HtixU3770tgvz32aR3L8kv77yQ+tdNlTa8eulUf401nr5os6khJRGbJMCzk+3kCwNaWkzF2E9BLT8GPxw==",
      "requires": {}
    },
    "miniprogram-render": {
      "version": "2.2.26",
      "resolved": "https://registry.npmjs.org/miniprogram-render/-/miniprogram-render-2.2.26.tgz",
      "integrity": "sha512-c4xXzjXWI2Bae2ttaZde5NYByVh5TaQhw5ETFXzPkjCeqc6SGVK+fbNMsO6rtKsesjtx8zmhaqCtK4mkgUfTKg=="
    },
    "react": {
      "version": "18.3.1",
      "resolved": "https://registry.npmjs.org/react/-/react-18.3.1.tgz",
      "integrity": "sha512-wS+hAgJShR0KhEvPJArfuPVN1+Hz1t0Y6n5jLrGQbkb4urgPE/0Rve+1kMB1v/oWgHgm4WIcV+i7F2pTVj+2iQ==",
      "requires": {
        "loose-envify": "^1.1.0"
      }
    },
    "react-dom": {
      "version": "18.3.1",
      "resolved": "https://registry.npmjs.org/react-dom/-/react-dom-18.3.1.tgz",
      "integrity": "sha512-5m4nQKp+rZRb09LNH59GM4BxTh9251/ylbKIbpe7TpGxfJ+9kv6BLkLBXIjjspbgbnIBNqlI23tRnTWT0snUIw==",
      "requires": {
        "loose-envify": "^1.1.0",
        "scheduler": "^0.23.2"
      }
    },
    "regenerator-runtime": {
      "version": "0.14.1",
      "resolved": "https://mirrors.tencent.com/npm/regenerator-runtime/-/regenerator-runtime-0.14.1.tgz",
      "integrity": "sha512-dYnhHh0nJoMfnkZs6GmmhFknAGRrLznOu5nc9ML+EJxGvrx6H7teuevqVqCuPcPK//3eDrrjQhehXVx9cnkGdw=="
    },
    "scheduler": {
      "version": "0.23.2",
      "resolved": "https://registry.npmjs.org/scheduler/-/scheduler-0.23.2.tgz",
      "integrity": "sha512-UOShsPwz7NrMUqhR6t0hWjFduvOzbtv7toDH1/hIrfRNIDBnnBWd0CwJTGvTpngVlmwGCdP9/Zl/tVrDqcuYzQ==",
      "requires": {
        "loose-envify": "^1.1.0"
      }
    }
  }
}
