{
  "name": "web-package",
  "version": "1.0.0",
  "lockfileVersion": 1,
  "requires": true,
  "dependencies": {
    "@babel/runtime": {
      "version": "7.25.6",
      "resolved": "https://mirrors.tencent.com/npm/@babel/runtime/-/runtime-7.25.6.tgz",
      "integrity": "sha512-VBj9MYyDb9tuLq7yzqjgzt6Q+IBQLrGZfdjOekyEirZPHxXWoTSGUTMrpsfi58Up73d13NfYLv8HT9vmznjzhQ==",
      "requires": {
        "regenerator-runtime": "^0.14.0"
      }
    },
    "@types/wechat-miniprogram": {
      "version": "3.4.7",
      "resolved": "https://mirrors.tencent.com/npm/@types/wechat-miniprogram/-/wechat-miniprogram-3.4.7.tgz",
      "integrity": "sha512-X6SVOOaTPQN24lYBSV5jLuWyIedx8DGJnT0VUBnoNzJruhxotCL28ecGb7AO5JfXOXtHqSS5+CnJ70NxFxmisA==",
      "dev": true
    },
    "kbs-dsl-loader": {
      "version": "1.0.19",
      "resolved": "https://mirrors.tencent.com/npm/kbs-dsl-loader/-/kbs-dsl-loader-1.0.19.tgz",
      "integrity": "sha512-dk2neodVkrJlV3BVNVLfNZHZ6NH/NFLWiWAoiL3uz0rEYAMZ4V01sHUlXyVFG/cnHjHIT2XfyjH4LG0FrOHvXA=="
    },
    "kbs-dsl-resolver": {
      "version": "2.0.7",
      "resolved": "https://mirrors.tencent.com/npm/kbs-dsl-resolver/-/kbs-dsl-resolver-2.0.7.tgz",
      "integrity": "sha512-j1XDL/MjyOBxfGJnIYde3CO9MvLXmklPTNlOfYEzqrPdoGsbnn9nrBrztqZaonCzmjpaXUbeJI4qfpsqD9Q3RA==",
      "requires": {
        "@babel/runtime": "^7.23.1",
        "lodash-es": "^4.17.21"
      }
    },
    "lodash-es": {
      "version": "4.17.21",
      "resolved": "https://mirrors.tencent.com/npm/lodash-es/-/lodash-es-4.17.21.tgz",
      "integrity": "sha512-mKnC+QJ9pWVzv+C4/U3rRsHapFfHvQFoFB92e52xeyGMcX6/OlIl78je1u8vePzYZSkkogMPJ2yjxxsb89cxyw=="
    },
    "miniprogram-api-typings": {
      "version": "3.12.3",
      "resolved": "https://mirrors.tencent.com/npm/miniprogram-api-typings/-/miniprogram-api-typings-3.12.3.tgz",
      "integrity": "sha512-o7bOfrU28MEMCBWo83nXv0ROQSBFxJcfCl4f2wTYqah64ipC5RGqLJfvWJTWhlQt2ECVwspSzM8LgvnfMo7TEQ==",
      "dev": true
    },
    "regenerator-runtime": {
      "version": "0.14.1",
      "resolved": "https://mirrors.tencent.com/npm/regenerator-runtime/-/regenerator-runtime-0.14.1.tgz",
      "integrity": "sha512-dYnhHh0nJoMfnkZs6GmmhFknAGRrLznOu5nc9ML+EJxGvrx6H7teuevqVqCuPcPK//3eDrrjQhehXVx9cnkGdw=="
    }
  }
}
